
Microsoft Visual Studio Solution File, Format Version 12.00
# Visual Studio 2012
Project("{FAE04EC0-301F-11D3-BF4B-00C04F79EFBC}") = "SimpleFactory", "SimpleFactory\SimpleFactory.csproj", "{ED22FAEE-D935-4EC2-98F5-16F78DD3AB23}"
EndProject
Project("{FAE04EC0-301F-11D3-BF4B-00C04F79EFBC}") = "StrategyPattern", "StrategyPattern\StrategyPattern.csproj", "{23EFB806-8F42-4371-AAE1-661FCC66E858}"
EndProject
Project("{FAE04EC0-301F-11D3-BF4B-00C04F79EFBC}") = "SingletonPattern", "SingletonPattern\SingletonPattern.csproj", "{42BB0080-3034-4B57-B8CB-C23B999506D0}"
EndProject
Project("{FAE04EC0-301F-11D3-BF4B-00C04F79EFBC}") = "DecoratorPattern", "DecoratorPattern\DecoratorPattern.csproj", "{9BA04D81-5DA9-418E-BFA9-E70F8BD661C9}"
EndProject
Project("{FAE04EC0-301F-11D3-BF4B-00C04F79EFBC}") = "ProxyPattern", "ProxyPattern\ProxyPattern.csproj", "{33A158EB-969F-4192-A36B-C6EE84316E64}"
EndProject
Global
	GlobalSection(SolutionConfigurationPlatforms) = preSolution
		Debug|Any CPU = Debug|Any CPU
		Release|Any CPU = Release|Any CPU
	EndGlobalSection
	GlobalSection(ProjectConfigurationPlatforms) = postSolution
		{ED22FAEE-D935-4EC2-98F5-16F78DD3AB23}.Debug|Any CPU.ActiveCfg = Debug|Any CPU
		{ED22FAEE-D935-4EC2-98F5-16F78DD3AB23}.Debug|Any CPU.Build.0 = Debug|Any CPU
		{ED22FAEE-D935-4EC2-98F5-16F78DD3AB23}.Release|Any CPU.ActiveCfg = Release|Any CPU
		{ED22FAEE-D935-4EC2-98F5-16F78DD3AB23}.Release|Any CPU.Build.0 = Release|Any CPU
		{23EFB806-8F42-4371-AAE1-661FCC66E858}.Debug|Any CPU.ActiveCfg = Debug|Any CPU
		{23EFB806-8F42-4371-AAE1-661FCC66E858}.Debug|Any CPU.Build.0 = Debug|Any CPU
		{23EFB806-8F42-4371-AAE1-661FCC66E858}.Release|Any CPU.ActiveCfg = Release|Any CPU
		{23EFB806-8F42-4371-AAE1-661FCC66E858}.Release|Any CPU.Build.0 = Release|Any CPU
		{42BB0080-3034-4B57-B8CB-C23B999506D0}.Debug|Any CPU.ActiveCfg = Debug|Any CPU
		{42BB0080-3034-4B57-B8CB-C23B999506D0}.Debug|Any CPU.Build.0 = Debug|Any CPU
		{42BB0080-3034-4B57-B8CB-C23B999506D0}.Release|Any CPU.ActiveCfg = Release|Any CPU
		{42BB0080-3034-4B57-B8CB-C23B999506D0}.Release|Any CPU.Build.0 = Release|Any CPU
		{9BA04D81-5DA9-418E-BFA9-E70F8BD661C9}.Debug|Any CPU.ActiveCfg = Debug|Any CPU
		{9BA04D81-5DA9-418E-BFA9-E70F8BD661C9}.Debug|Any CPU.Build.0 = Debug|Any CPU
		{9BA04D81-5DA9-418E-BFA9-E70F8BD661C9}.Release|Any CPU.ActiveCfg = Release|Any CPU
		{9BA04D81-5DA9-418E-BFA9-E70F8BD661C9}.Release|Any CPU.Build.0 = Release|Any CPU
		{33A158EB-969F-4192-A36B-C6EE84316E64}.Debug|Any CPU.ActiveCfg = Debug|Any CPU
		{33A158EB-969F-4192-A36B-C6EE84316E64}.Debug|Any CPU.Build.0 = Debug|Any CPU
		{33A158EB-969F-4192-A36B-C6EE84316E64}.Release|Any CPU.ActiveCfg = Release|Any CPU
		{33A158EB-969F-4192-A36B-C6EE84316E64}.Release|Any CPU.Build.0 = Release|Any CPU
	EndGlobalSection
	GlobalSection(SolutionProperties) = preSolution
		HideSolutionNode = FALSE
	EndGlobalSection
EndGlobal
